
Microsoft Visual Studio Solution File, Format Version 12.00
# Visual Studio 15
VisualStudioVersion = 15.0.26730.3
MinimumVisualStudioVersion = 10.0.40219.1
Project("{9A19103F-16F7-4668-BE54-9A1E7A4F7556}") = "SabberStoneCore", "SabberBase\SabberStoneCore\SabberStoneCore.csproj", "{BA863DE1-7C7E-4AE7-8F46-F6A60ABC1BCE}"
EndProject
Project("{9A19103F-16F7-4668-BE54-9A1E7A4F7556}") = "SabberStoneSynchronizer", "SabberStoneSynchronizer\SabberStoneSynchronizer.csproj", "{C28C0FC3-B5FC-4947-A165-FCF4186ECCFC}"
EndProject
Global
	GlobalSection(SolutionConfigurationPlatforms) = preSolution
		Debug|Any CPU = Debug|Any CPU
		Release|Any CPU = Release|Any CPU
	EndGlobalSection
	GlobalSection(ProjectConfigurationPlatforms) = postSolution
		{BA863DE1-7C7E-4AE7-8F46-F6A60ABC1BCE}.Debug|Any CPU.ActiveCfg = Debug|Any CPU
		{BA863DE1-7C7E-4AE7-8F46-F6A60ABC1BCE}.Debug|Any CPU.Build.0 = Debug|Any CPU
		{BA863DE1-7C7E-4AE7-8F46-F6A60ABC1BCE}.Release|Any CPU.ActiveCfg = Release|Any CPU
		{BA863DE1-7C7E-4AE7-8F46-F6A60ABC1BCE}.Release|Any CPU.Build.0 = Release|Any CPU
		{C28C0FC3-B5FC-4947-A165-FCF4186ECCFC}.Debug|Any CPU.ActiveCfg = Debug|Any CPU
		{C28C0FC3-B5FC-4947-A165-FCF4186ECCFC}.Debug|Any CPU.Build.0 = Debug|Any CPU
		{C28C0FC3-B5FC-4947-A165-FCF4186ECCFC}.Release|Any CPU.ActiveCfg = Release|Any CPU
		{C28C0FC3-B5FC-4947-A165-FCF4186ECCFC}.Release|Any CPU.Build.0 = Release|Any CPU
	EndGlobalSection
	GlobalSection(SolutionProperties) = preSolution
		HideSolutionNode = FALSE
	EndGlobalSection
	GlobalSection(ExtensibilityGlobals) = postSolution
		SolutionGuid = {CF6D2C34-9695-4CA1-9824-1C7DD4F31AD6}
	EndGlobalSection
EndGlobal
